
Microsoft Visual Studio Solution File, Format Version 12.00
# Visual Studio 2012
Project("{FAE04EC0-301F-11D3-BF4B-00C04F79EFBC}") = "zzz_test", "zzz_test\zzz_test.csproj", "{BE35ED51-1870-4905-B6BD-612493FFDE4B}"
EndProject
Global
	GlobalSection(SolutionConfigurationPlatforms) = preSolution
		Debug|Any CPU = Debug|Any CPU
		Release|Any CPU = Release|Any CPU
	EndGlobalSection
	GlobalSection(ProjectConfigurationPlatforms) = postSolution
		{BE35ED51-1870-4905-B6BD-612493FFDE4B}.Debug|Any CPU.ActiveCfg = Debug|Any CPU
		{BE35ED51-1870-4905-B6BD-612493FFDE4B}.Debug|Any CPU.Build.0 = Debug|Any CPU
		{BE35ED51-1870-4905-B6BD-612493FFDE4B}.Release|Any CPU.ActiveCfg = Release|Any CPU
		{BE35ED51-1870-4905-B6BD-612493FFDE4B}.Release|Any CPU.Build.0 = Release|Any CPU
	EndGlobalSection
	GlobalSection(SolutionProperties) = preSolution
		HideSolutionNode = FALSE
	EndGlobalSection
EndGlobal
